
Microsoft Visual Studio Solution File, Format Version 12.00
# Visual Studio Version 16
VisualStudioVersion = 16.0.30907.101
MinimumVisualStudioVersion = 10.0.40219.1
Project("{8BC9CEB8-8B4A-11D0-8D11-00A0C91BC942}") = "dino", "dino\dino.vcxproj", "{34D8BD46-C698-41F9-9C2B-AFEDFD4150A7}"
EndProject
Global
	GlobalSection(SolutionConfigurationPlatforms) = preSolution
		Debug|x64 = Debug|x64
		Debug|x86 = Debug|x86
		Release|x64 = Release|x64
		Release|x86 = Release|x86
	EndGlobalSection
	GlobalSection(ProjectConfigurationPlatforms) = postSolution
		{34D8BD46-C698-41F9-9C2B-AFEDFD4150A7}.Debug|x64.ActiveCfg = Debug|x64
		{34D8BD46-C698-41F9-9C2B-AFEDFD4150A7}.Debug|x64.Build.0 = Debug|x64
		{34D8BD46-C698-41F9-9C2B-AFEDFD4150A7}.Debug|x86.ActiveCfg = Debug|Win32
		{34D8BD46-C698-41F9-9C2B-AFEDFD4150A7}.Debug|x86.Build.0 = Debug|Win32
		{34D8BD46-C698-41F9-9C2B-AFEDFD4150A7}.Release|x64.ActiveCfg = Release|x64
		{34D8BD46-C698-41F9-9C2B-AFEDFD4150A7}.Release|x64.Build.0 = Release|x64
		{34D8BD46-C698-41F9-9C2B-AFEDFD4150A7}.Release|x86.ActiveCfg = Release|Win32
		{34D8BD46-C698-41F9-9C2B-AFEDFD4150A7}.Release|x86.Build.0 = Release|Win32
	EndGlobalSection
	GlobalSection(SolutionProperties) = preSolution
		HideSolutionNode = FALSE
	EndGlobalSection
	GlobalSection(ExtensibilityGlobals) = postSolution
		SolutionGuid = {8E90B4FC-2F84-43B0-86A6-FF75669F6CAE}
	EndGlobalSection
EndGlobal
